// !$*UTF8*$!
{
	archiveVersion = 1;
	classes = {
	};
	objectVersion = 46;
	objects = {

/* Begin PBXBuildFile section */
		1AD3BBC4173AD8DB00A247AB /* WUUserGuideViewController.m in Sources */ = {isa = PBXBuildFile; fileRef = 1AD3BBC3173AD8DB00A247AB /* WUUserGuideViewController.m */; };
		1AD3BBEB173B83F000A247AB /* ug_6.png in Resources */ = {isa = PBXBuildFile; fileRef = 1AD3BBE3173B83F000A247AB /* ug_6.png */; };
		1AD3BBEC173B83F000A247AB /* ug_5.png in Resources */ = {isa = PBXBuildFile; fileRef = 1AD3BBE4173B83F000A247AB /* ug_5.png */; };
		1AD3BBED173B83F000A247AB /* ug_go.png in Resources */ = {isa = PBXBuildFile; fileRef = 1AD3BBE5173B83F000A247AB /* ug_go.png */; };
		1AD3BBEE173B83F000A247AB /* ug_start.png in Resources */ = {isa = PBXBuildFile; fileRef = 1AD3BBE6173B83F000A247AB /* ug_start.png */; };
		1AD3BBEF173B83F000A247AB /* ug_4.png in Resources */ = {isa = PBXBuildFile; fileRef = 1AD3BBE7173B83F000A247AB /* ug_4.png */; };
		1AD3BBF0173B83F000A247AB /* ug_3.png in Resources */ = {isa = PBXBuildFile; fileRef = 1AD3BBE8173B83F000A247AB /* ug_3.png */; };
		1AD3BBF1173B83F000A247AB /* ug_2.png in Resources */ = {isa = PBXBuildFile; fileRef = 1AD3BBE9173B83F000A247AB /* ug_2.png */; };
		1AD3BBF2173B83F000A247AB /* ug_1.png in Resources */ = {isa = PBXBuildFile; fileRef = 1AD3BBEA173B83F000A247AB /* ug_1.png */; };
		1AD3BBF4173B856C00A247AB /* Default.png in Resources */ = {isa = PBXBuildFile; fileRef = 1AD3BBF3173B856C00A247AB /* Default.png */; };
		1AD3BBF6173B85A300A247AB /* Default@2x.png in Resources */ = {isa = PBXBuildFile; fileRef = 1AD3BBF5173B85A300A247AB /* Default@2x.png */; };
		1AD3BBF8173B85AB00A247AB /* Default-568h@2x.png in Resources */ = {isa = PBXBuildFile; fileRef = 1AD3BBF7173B85AB00A247AB /* Default-568h@2x.png */; };
		1AD3BBFA173B85C200A247AB /* Logo.png in Resources */ = {isa = PBXBuildFile; fileRef = 1AD3BBF9173B85C200A247AB /* Logo.png */; };
		1AD3BBFC173B85CB00A247AB /* Logo@2x.png in Resources */ = {isa = PBXBuildFile; fileRef = 1AD3BBFB173B85CB00A247AB /* Logo@2x.png */; };
		1AD3BC03173CD72900A247AB /* ug_6-568h@2x.png in Resources */ = {isa = PBXBuildFile; fileRef = 1AD3BBFD173CD72800A247AB /* ug_6-568h@2x.png */; };
		1AD3BC04173CD72900A247AB /* ug_5-568h@2x.png in Resources */ = {isa = PBXBuildFile; fileRef = 1AD3BBFE173CD72900A247AB /* ug_5-568h@2x.png */; };
		1AD3BC05173CD72900A247AB /* ug_4-568h@2x.png in Resources */ = {isa = PBXBuildFile; fileRef = 1AD3BBFF173CD72900A247AB /* ug_4-568h@2x.png */; };
		1AD3BC06173CD72900A247AB /* ug_3-568h@2x.png in Resources */ = {isa = PBXBuildFile; fileRef = 1AD3BC00173CD72900A247AB /* ug_3-568h@2x.png */; };
		1AD3BC07173CD72900A247AB /* ug_2-568h@2x.png in Resources */ = {isa = PBXBuildFile; fileRef = 1AD3BC01173CD72900A247AB /* ug_2-568h@2x.png */; };
		1AD3BC08173CD72900A247AB /* ug_1-568h@2x.png in Resources */ = {isa = PBXBuildFile; fileRef = 1AD3BC02173CD72900A247AB /* ug_1-568h@2x.png */; };
		1ADEC46B17338306005B3384 /* UIKit.framework in Frameworks */ = {isa = PBXBuildFile; fileRef = 1ADEC46A17338306005B3384 /* UIKit.framework */; };
		1ADEC46D17338306005B3384 /* Foundation.framework in Frameworks */ = {isa = PBXBuildFile; fileRef = 1ADEC46C17338306005B3384 /* Foundation.framework */; };
		1ADEC46F17338306005B3384 /* CoreGraphics.framework in Frameworks */ = {isa = PBXBuildFile; fileRef = 1ADEC46E17338306005B3384 /* CoreGraphics.framework */; };
		1ADEC47517338306005B3384 /* InfoPlist.strings in Resources */ = {isa = PBXBuildFile; fileRef = 1ADEC47317338306005B3384 /* InfoPlist.strings */; };
		1ADEC47717338306005B3384 /* main.m in Sources */ = {isa = PBXBuildFile; fileRef = 1ADEC47617338306005B3384 /* main.m */; };
		1ADEC47B17338306005B3384 /* WUAppDelegate.m in Sources */ = {isa = PBXBuildFile; fileRef = 1ADEC47A17338306005B3384 /* WUAppDelegate.m */; };
		1ADEC48417338306005B3384 /* MainStoryboard.storyboard in Resources */ = {isa = PBXBuildFile; fileRef = 1ADEC48217338306005B3384 /* MainStoryboard.storyboard */; };
		1ADEC492173383E9005B3384 /* WUMainViewController.m in Sources */ = {isa = PBXBuildFile; fileRef = 1ADEC491173383E9005B3384 /* WUMainViewController.m */; };
		1ADEC4A51734E79A005B3384 /* WUPickerTableViewCell.m in Sources */ = {isa = PBXBuildFile; fileRef = 1ADEC4A41734E79A005B3384 /* WUPickerTableViewCell.m */; };
		1ADEC4A81734EEA2005B3384 /* WUTaxPickerTableViewCell.m in Sources */ = {isa = PBXBuildFile; fileRef = 1ADEC4A71734EEA2005B3384 /* WUTaxPickerTableViewCell.m */; };
		1ADEC4AE17362D04005B3384 /* WUTipPickerTableViewCell.m in Sources */ = {isa = PBXBuildFile; fileRef = 1ADEC4AD17362D04005B3384 /* WUTipPickerTableViewCell.m */; };
		1ADEC4B117364A2C005B3384 /* WUGuestRoundPickerTableViewCell.m in Sources */ = {isa = PBXBuildFile; fileRef = 1ADEC4B017364A2C005B3384 /* WUGuestRoundPickerTableViewCell.m */; };
		1ADEC4B417370192005B3384 /* WUNumberKeyboardTableViewCell.m in Sources */ = {isa = PBXBuildFile; fileRef = 1ADEC4B317370192005B3384 /* WUNumberKeyboardTableViewCell.m */; };
		1ADEC4B7173857BE005B3384 /* WUTableViewCell.m in Sources */ = {isa = PBXBuildFile; fileRef = 1ADEC4B6173857BD005B3384 /* WUTableViewCell.m */; };
/* End PBXBuildFile section */

/* Begin PBXFileReference section */
		1AD3BBC2173AD8DB00A247AB /* WUUserGuideViewController.h */ = {isa = PBXFileReference; fileEncoding = 4; lastKnownFileType = sourcecode.c.h; path = WUUserGuideViewController.h; sourceTree = "<group>"; };
		1AD3BBC3173AD8DB00A247AB /* WUUserGuideViewController.m */ = {isa = PBXFileReference; fileEncoding = 4; lastKnownFileType = sourcecode.c.objc; path = WUUserGuideViewController.m; sourceTree = "<group>"; };
		1AD3BBE3173B83F000A247AB /* ug_6.png */ = {isa = PBXFileReference; lastKnownFileType = image.png; path = ug_6.png; sourceTree = "<group>"; };
		1AD3BBE4173B83F000A247AB /* ug_5.png */ = {isa = PBXFileReference; lastKnownFileType = image.png; path = ug_5.png; sourceTree = "<group>"; };
		1AD3BBE5173B83F000A247AB /* ug_go.png */ = {isa = PBXFileReference; lastKnownFileType = image.png; path = ug_go.png; sourceTree = "<group>"; };
		1AD3BBE6173B83F000A247AB /* ug_start.png */ = {isa = PBXFileReference; lastKnownFileType = image.png; path = ug_start.png; sourceTree = "<group>"; };
		1AD3BBE7173B83F000A247AB /* ug_4.png */ = {isa = PBXFileReference; lastKnownFileType = image.png; path = ug_4.png; sourceTree = "<group>"; };
		1AD3BBE8173B83F000A247AB /* ug_3.png */ = {isa = PBXFileReference; lastKnownFileType = image.png; path = ug_3.png; sourceTree = "<group>"; };
		1AD3BBE9173B83F000A247AB /* ug_2.png */ = {isa = PBXFileReference; lastKnownFileType = image.png; path = ug_2.png; sourceTree = "<group>"; };
		1AD3BBEA173B83F000A247AB /* ug_1.png */ = {isa = PBXFileReference; lastKnownFileType = image.png; path = ug_1.png; sourceTree = "<group>"; };
		1AD3BBF3173B856C00A247AB /* Default.png */ = {isa = PBXFileReference; lastKnownFileType = image.png; name = Default.png; path = ../Default.png; sourceTree = "<group>"; };
		1AD3BBF5173B85A300A247AB /* Default@2x.png */ = {isa = PBXFileReference; lastKnownFileType = image.png; name = "Default@2x.png"; path = "../Default@2x.png"; sourceTree = "<group>"; };
		1AD3BBF7173B85AB00A247AB /* Default-568h@2x.png */ = {isa = PBXFileReference; lastKnownFileType = image.png; name = "Default-568h@2x.png"; path = "../Default-568h@2x.png"; sourceTree = "<group>"; };
		1AD3BBF9173B85C200A247AB /* Logo.png */ = {isa = PBXFileReference; lastKnownFileType = image.png; name = Logo.png; path = ../Logo.png; sourceTree = "<group>"; };
		1AD3BBFB173B85CB00A247AB /* Logo@2x.png */ = {isa = PBXFileReference; lastKnownFileType = image.png; name = "Logo@2x.png"; path = "../Logo@2x.png"; sourceTree = "<group>"; };
		1AD3BBFD173CD72800A247AB /* ug_6-568h@2x.png */ = {isa = PBXFileReference; lastKnownFileType = image.png; path = "ug_6-568h@2x.png"; sourceTree = "<group>"; };
		1AD3BBFE173CD72900A247AB /* ug_5-568h@2x.png */ = {isa = PBXFileReference; lastKnownFileType = image.png; path = "ug_5-568h@2x.png"; sourceTree = "<group>"; };
		1AD3BBFF173CD72900A247AB /* ug_4-568h@2x.png */ = {isa = PBXFileReference; lastKnownFileType = image.png; path = "ug_4-568h@2x.png"; sourceTree = "<group>"; };
		1AD3BC00173CD72900A247AB /* ug_3-568h@2x.png */ = {isa = PBXFileReference; lastKnownFileType = image.png; path = "ug_3-568h@2x.png"; sourceTree = "<group>"; };
		1AD3BC01173CD72900A247AB /* ug_2-568h@2x.png */ = {isa = PBXFileReference; lastKnownFileType = image.png; path = "ug_2-568h@2x.png"; sourceTree = "<group>"; };
		1AD3BC02173CD72900A247AB /* ug_1-568h@2x.png */ = {isa = PBXFileReference; lastKnownFileType = image.png; path = "ug_1-568h@2x.png"; sourceTree = "<group>"; };
		1ADEC46717338306005B3384 /* iSplitter.app */ = {isa = PBXFileReference; explicitFileType = wrapper.application; includeInIndex = 0; path = iSplitter.app; sourceTree = BUILT_PRODUCTS_DIR; };
		1ADEC46A17338306005B3384 /* UIKit.framework */ = {isa = PBXFileReference; lastKnownFileType = wrapper.framework; name = UIKit.framework; path = System/Library/Frameworks/UIKit.framework; sourceTree = SDKROOT; };
		1ADEC46C17338306005B3384 /* Foundation.framework */ = {isa = PBXFileReference; lastKnownFileType = wrapper.framework; name = Foundation.framework; path = System/Library/Frameworks/Foundation.framework; sourceTree = SDKROOT; };
		1ADEC46E17338306005B3384 /* CoreGraphics.framework */ = {isa = PBXFileReference; lastKnownFileType = wrapper.framework; name = CoreGraphics.framework; path = System/Library/Frameworks/CoreGraphics.framework; sourceTree = SDKROOT; };
		1ADEC47217338306005B3384 /* iSplitter-Info.plist */ = {isa = PBXFileReference; lastKnownFileType = text.plist.xml; path = "iSplitter-Info.plist"; sourceTree = "<group>"; };
		1ADEC47417338306005B3384 /* en */ = {isa = PBXFileReference; lastKnownFileType = text.plist.strings; name = en; path = en.lproj/InfoPlist.strings; sourceTree = "<group>"; };
		1ADEC47617338306005B3384 /* main.m */ = {isa = PBXFileReference; lastKnownFileType = sourcecode.c.objc; path = main.m; sourceTree = "<group>"; };
		1ADEC47817338306005B3384 /* iSplitter-Prefix.pch */ = {isa = PBXFileReference; lastKnownFileType = sourcecode.c.h; path = "iSplitter-Prefix.pch"; sourceTree = "<group>"; };
		1ADEC47917338306005B3384 /* WUAppDelegate.h */ = {isa = PBXFileReference; lastKnownFileType = sourcecode.c.h; path = WUAppDelegate.h; sourceTree = "<group>"; };
		1ADEC47A17338306005B3384 /* WUAppDelegate.m */ = {isa = PBXFileReference; lastKnownFileType = sourcecode.c.objc; path = WUAppDelegate.m; sourceTree = "<group>"; };
		1ADEC48317338306005B3384 /* en */ = {isa = PBXFileReference; lastKnownFileType = file.storyboard; name = en; path = en.lproj/MainStoryboard.storyboard; sourceTree = "<group>"; };
		1ADEC490173383E9005B3384 /* WUMainViewController.h */ = {isa = PBXFileReference; fileEncoding = 4; lastKnownFileType = sourcecode.c.h; path = WUMainViewController.h; sourceTree = "<group>"; };
		1ADEC491173383E9005B3384 /* WUMainViewController.m */ = {isa = PBXFileReference; fileEncoding = 4; lastKnownFileType = sourcecode.c.objc; path = WUMainViewController.m; sourceTree = "<group>"; };
		1ADEC4A31734E79A005B3384 /* WUPickerTableViewCell.h */ = {isa = PBXFileReference; fileEncoding = 4; lastKnownFileType = sourcecode.c.h; path = WUPickerTableViewCell.h; sourceTree = "<group>"; };
		1ADEC4A41734E79A005B3384 /* WUPickerTableViewCell.m */ = {isa = PBXFileReference; fileEncoding = 4; lastKnownFileType = sourcecode.c.objc; path = WUPickerTableViewCell.m; sourceTree = "<group>"; };
		1ADEC4A61734EEA2005B3384 /* WUTaxPickerTableViewCell.h */ = {isa = PBXFileReference; fileEncoding = 4; lastKnownFileType = sourcecode.c.h; path = WUTaxPickerTableViewCell.h; sourceTree = "<group>"; };
		1ADEC4A71734EEA2005B3384 /* WUTaxPickerTableViewCell.m */ = {isa = PBXFileReference; fileEncoding = 4; lastKnownFileType = sourcecode.c.objc; path = WUTaxPickerTableViewCell.m; sourceTree = "<group>"; };
		1ADEC4AC17362D04005B3384 /* WUTipPickerTableViewCell.h */ = {isa = PBXFileReference; fileEncoding = 4; lastKnownFileType = sourcecode.c.h; path = WUTipPickerTableViewCell.h; sourceTree = "<group>"; };
		1ADEC4AD17362D04005B3384 /* WUTipPickerTableViewCell.m */ = {isa = PBXFileReference; fileEncoding = 4; lastKnownFileType = sourcecode.c.objc; path = WUTipPickerTableViewCell.m; sourceTree = "<group>"; };
		1ADEC4AF17364A2C005B3384 /* WUGuestRoundPickerTableViewCell.h */ = {isa = PBXFileReference; fileEncoding = 4; lastKnownFileType = sourcecode.c.h; path = WUGuestRoundPickerTableViewCell.h; sourceTree = "<group>"; };
		1ADEC4B017364A2C005B3384 /* WUGuestRoundPickerTableViewCell.m */ = {isa = PBXFileReference; fileEncoding = 4; lastKnownFileType = sourcecode.c.objc; path = WUGuestRoundPickerTableViewCell.m; sourceTree = "<group>"; };
		1ADEC4B217370192005B3384 /* WUNumberKeyboardTableViewCell.h */ = {isa = PBXFileReference; fileEncoding = 4; lastKnownFileType = sourcecode.c.h; path = WUNumberKeyboardTableViewCell.h; sourceTree = "<group>"; };
		1ADEC4B317370192005B3384 /* WUNumberKeyboardTableViewCell.m */ = {isa = PBXFileReference; fileEncoding = 4; lastKnownFileType = sourcecode.c.objc; path = WUNumberKeyboardTableViewCell.m; sourceTree = "<group>"; };
		1ADEC4B5173857BD005B3384 /* WUTableViewCell.h */ = {isa = PBXFileReference; fileEncoding = 4; lastKnownFileType = sourcecode.c.h; path = WUTableViewCell.h; sourceTree = "<group>"; };
		1ADEC4B6173857BD005B3384 /* WUTableViewCell.m */ = {isa = PBXFileReference; fileEncoding = 4; lastKnownFileType = sourcecode.c.objc; path = WUTableViewCell.m; sourceTree = "<group>"; };
/* End PBXFileReference section */

/* Begin PBXFrameworksBuildPhase section */
		1ADEC46417338306005B3384 /* Frameworks */ = {
			isa = PBXFrameworksBuildPhase;
			buildActionMask = 2147483647;
			files = (
				1ADEC46B17338306005B3384 /* UIKit.framework in Frameworks */,
				1ADEC46D17338306005B3384 /* Foundation.framework in Frameworks */,
				1ADEC46F17338306005B3384 /* CoreGraphics.framework in Frameworks */,
			);
			runOnlyForDeploymentPostprocessing = 0;
		};
/* End PBXFrameworksBuildPhase section */

/* Begin PBXGroup section */
		1ADEC45E17338306005B3384 = {
			isa = PBXGroup;
			children = (
				1ADEC47017338306005B3384 /* iSplitter */,
				1ADEC47117338306005B3384 /* Supporting Files */,
				1ADEC46917338306005B3384 /* Frameworks */,
				1ADEC46817338306005B3384 /* Products */,
			);
			sourceTree = "<group>";
		};
		1ADEC46817338306005B3384 /* Products */ = {
			isa = PBXGroup;
			children = (
				1ADEC46717338306005B3384 /* iSplitter.app */,
			);
			name = Products;
			sourceTree = "<group>";
		};
		1ADEC46917338306005B3384 /* Frameworks */ = {
			isa = PBXGroup;
			children = (
				1ADEC46A17338306005B3384 /* UIKit.framework */,
				1ADEC46C17338306005B3384 /* Foundation.framework */,
				1ADEC46E17338306005B3384 /* CoreGraphics.framework */,
			);
			name = Frameworks;
			sourceTree = "<group>";
		};
		1ADEC47017338306005B3384 /* iSplitter */ = {
			isa = PBXGroup;
			children = (
				1ADEC47917338306005B3384 /* WUAppDelegate.h */,
				1ADEC47A17338306005B3384 /* WUAppDelegate.m */,
				1AD3BBC2173AD8DB00A247AB /* WUUserGuideViewController.h */,
				1AD3BBC3173AD8DB00A247AB /* WUUserGuideViewController.m */,
				1ADEC48217338306005B3384 /* MainStoryboard.storyboard */,
				1ADEC490173383E9005B3384 /* WUMainViewController.h */,
				1ADEC491173383E9005B3384 /* WUMainViewController.m */,
				1ADEC4B5173857BD005B3384 /* WUTableViewCell.h */,
				1ADEC4B6173857BD005B3384 /* WUTableViewCell.m */,
				1ADEC4B217370192005B3384 /* WUNumberKeyboardTableViewCell.h */,
				1ADEC4B317370192005B3384 /* WUNumberKeyboardTableViewCell.m */,
				1ADEC4A31734E79A005B3384 /* WUPickerTableViewCell.h */,
				1ADEC4A41734E79A005B3384 /* WUPickerTableViewCell.m */,
				1ADEC4A61734EEA2005B3384 /* WUTaxPickerTableViewCell.h */,
				1ADEC4A71734EEA2005B3384 /* WUTaxPickerTableViewCell.m */,
				1ADEC4AC17362D04005B3384 /* WUTipPickerTableViewCell.h */,
				1ADEC4AD17362D04005B3384 /* WUTipPickerTableViewCell.m */,
				1ADEC4AF17364A2C005B3384 /* WUGuestRoundPickerTableViewCell.h */,
				1ADEC4B017364A2C005B3384 /* WUGuestRoundPickerTableViewCell.m */,
			);
			path = iSplitter;
			sourceTree = "<group>";
		};
		1ADEC47117338306005B3384 /* Supporting Files */ = {
			isa = PBXGroup;
			children = (
				1ADEC47217338306005B3384 /* iSplitter-Info.plist */,
				1ADEC47317338306005B3384 /* InfoPlist.strings */,
				1ADEC47617338306005B3384 /* main.m */,
				1ADEC47817338306005B3384 /* iSplitter-Prefix.pch */,
				1AD3BBFB173B85CB00A247AB /* Logo@2x.png */,
				1AD3BBF9173B85C200A247AB /* Logo.png */,
				1AD3BBF7173B85AB00A247AB /* Default-568h@2x.png */,
				1AD3BBF5173B85A300A247AB /* Default@2x.png */,
				1AD3BBF3173B856C00A247AB /* Default.png */,
				1AD3BBE3173B83F000A247AB /* ug_6.png */,
				1AD3BBE4173B83F000A247AB /* ug_5.png */,
				1AD3BBE5173B83F000A247AB /* ug_go.png */,
				1AD3BBE6173B83F000A247AB /* ug_start.png */,
				1AD3BBE7173B83F000A247AB /* ug_4.png */,
				1AD3BBE8173B83F000A247AB /* ug_3.png */,
				1AD3BBE9173B83F000A247AB /* ug_2.png */,
				1AD3BBEA173B83F000A247AB /* ug_1.png */,
				1AD3BBFD173CD72800A247AB /* ug_6-568h@2x.png */,
				1AD3BBFE173CD72900A247AB /* ug_5-568h@2x.png */,
				1AD3BBFF173CD72900A247AB /* ug_4-568h@2x.png */,
				1AD3BC00173CD72900A247AB /* ug_3-568h@2x.png */,
				1AD3BC01173CD72900A247AB /* ug_2-568h@2x.png */,
				1AD3BC02173CD72900A247AB /* ug_1-568h@2x.png */,
			);
			name = "Supporting Files";
			path = iSplitter;
			sourceTree = "<group>";
		};
/* End PBXGroup section */

/* Begin PBXNativeTarget section */
		1ADEC46617338306005B3384 /* iSplitter */ = {
			isa = PBXNativeTarget;
			buildConfigurationList = 1ADEC48A17338306005B3384 /* Build configuration list for PBXNativeTarget "iSplitter" */;
			buildPhases = (
				1ADEC46317338306005B3384 /* Sources */,
				1ADEC46417338306005B3384 /* Frameworks */,
				1ADEC46517338306005B3384 /* Resources */,
			);
			buildRules = (
			);
			dependencies = (
			);
			name = iSplitter;
			productName = iSplitter;
			productReference = 1ADEC46717338306005B3384 /* iSplitter.app */;
			productType = "com.apple.product-type.application";
		};
/* End PBXNativeTarget section */

/* Begin PBXProject section */
		1ADEC45F17338306005B3384 /* Project object */ = {
			isa = PBXProject;
			attributes = {
				CLASSPREFIX = WU;
				LastUpgradeCheck = 0460;
				ORGANIZATIONNAME = "Jianqiang Yu";
			};
			buildConfigurationList = 1ADEC46217338306005B3384 /* Build configuration list for PBXProject "iSplitter" */;
			compatibilityVersion = "Xcode 3.2";
			developmentRegion = English;
			hasScannedForEncodings = 0;
			knownRegions = (
				en,
			);
			mainGroup = 1ADEC45E17338306005B3384;
			productRefGroup = 1ADEC46817338306005B3384 /* Products */;
			projectDirPath = "";
			projectRoot = "";
			targets = (
				1ADEC46617338306005B3384 /* iSplitter */,
			);
		};
/* End PBXProject section */

/* Begin PBXResourcesBuildPhase section */
		1ADEC46517338306005B3384 /* Resources */ = {
			isa = PBXResourcesBuildPhase;
			buildActionMask = 2147483647;
			files = (
				1ADEC47517338306005B3384 /* InfoPlist.strings in Resources */,
				1ADEC48417338306005B3384 /* MainStoryboard.storyboard in Resources */,
				1AD3BBEB173B83F000A247AB /* ug_6.png in Resources */,
				1AD3BBEC173B83F000A247AB /* ug_5.png in Resources */,
				1AD3BBED173B83F000A247AB /* ug_go.png in Resources */,
				1AD3BBEE173B83F000A247AB /* ug_start.png in Resources */,
				1AD3BBEF173B83F000A247AB /* ug_4.png in Resources */,
				1AD3BBF0173B83F000A247AB /* ug_3.png in Resources */,
				1AD3BBF1173B83F000A247AB /* ug_2.png in Resources */,
				1AD3BBF2173B83F000A247AB /* ug_1.png in Resources */,
				1AD3BBF4173B856C00A247AB /* Default.png in Resources */,
				1AD3BBF6173B85A300A247AB /* Default@2x.png in Resources */,
				1AD3BBF8173B85AB00A247AB /* Default-568h@2x.png in Resources */,
				1AD3BBFA173B85C200A247AB /* Logo.png in Resources */,
				1AD3BBFC173B85CB00A247AB /* Logo@2x.png in Resources */,
				1AD3BC03173CD72900A247AB /* ug_6-568h@2x.png in Resources */,
				1AD3BC04173CD72900A247AB /* ug_5-568h@2x.png in Resources */,
				1AD3BC05173CD72900A247AB /* ug_4-568h@2x.png in Resources */,
				1AD3BC06173CD72900A247AB /* ug_3-568h@2x.png in Resources */,
				1AD3BC07173CD72900A247AB /* ug_2-568h@2x.png in Resources */,
				1AD3BC08173CD72900A247AB /* ug_1-568h@2x.png in Resources */,
			);
			runOnlyForDeploymentPostprocessing = 0;
		};
/* End PBXResourcesBuildPhase section */

/* Begin PBXSourcesBuildPhase section */
		1ADEC46317338306005B3384 /* Sources */ = {
			isa = PBXSourcesBuildPhase;
			buildActionMask = 2147483647;
			files = (
				1ADEC47717338306005B3384 /* main.m in Sources */,
				1ADEC47B17338306005B3384 /* WUAppDelegate.m in Sources */,
				1ADEC492173383E9005B3384 /* WUMainViewController.m in Sources */,
				1ADEC4A51734E79A005B3384 /* WUPickerTableViewCell.m in Sources */,
				1ADEC4A81734EEA2005B3384 /* WUTaxPickerTableViewCell.m in Sources */,
				1ADEC4AE17362D04005B3384 /* WUTipPickerTableViewCell.m in Sources */,
				1ADEC4B117364A2C005B3384 /* WUGuestRoundPickerTableViewCell.m in Sources */,
				1ADEC4B417370192005B3384 /* WUNumberKeyboardTableViewCell.m in Sources */,
				1ADEC4B7173857BE005B3384 /* WUTableViewCell.m in Sources */,
				1AD3BBC4173AD8DB00A247AB /* WUUserGuideViewController.m in Sources */,
			);
			runOnlyForDeploymentPostprocessing = 0;
		};
/* End PBXSourcesBuildPhase section */

/* Begin PBXVariantGroup section */
		1ADEC47317338306005B3384 /* InfoPlist.strings */ = {
			isa = PBXVariantGroup;
			children = (
				1ADEC47417338306005B3384 /* en */,
			);
			name = InfoPlist.strings;
			sourceTree = "<group>";
		};
		1ADEC48217338306005B3384 /* MainStoryboard.storyboard */ = {
			isa = PBXVariantGroup;
			children = (
				1ADEC48317338306005B3384 /* en */,
			);
			name = MainStoryboard.storyboard;
			sourceTree = "<group>";
		};
/* End PBXVariantGroup section */

/* Begin XCBuildConfiguration section */
		1ADEC48817338306005B3384 /* Debug */ = {
			isa = XCBuildConfiguration;
			buildSettings = {
				ALWAYS_SEARCH_USER_PATHS = NO;
				CLANG_CXX_LANGUAGE_STANDARD = "gnu++0x";
				CLANG_CXX_LIBRARY = "libc++";
				CLANG_ENABLE_OBJC_ARC = YES;
				CLANG_WARN_CONSTANT_CONVERSION = YES;
				CLANG_WARN_EMPTY_BODY = YES;
				CLANG_WARN_ENUM_CONVERSION = YES;
				CLANG_WARN_INT_CONVERSION = YES;
				CLANG_WARN__DUPLICATE_METHOD_MATCH = YES;
				"CODE_SIGN_IDENTITY[sdk=iphoneos*]" = "iPhone Developer";
				COPY_PHASE_STRIP = NO;
				GCC_C_LANGUAGE_STANDARD = gnu99;
				GCC_DYNAMIC_NO_PIC = NO;
				GCC_OPTIMIZATION_LEVEL = 0;
				GCC_PREPROCESSOR_DEFINITIONS = (
					"DEBUG=1",
					"$(inherited)",
				);
				GCC_SYMBOLS_PRIVATE_EXTERN = NO;
				GCC_WARN_ABOUT_RETURN_TYPE = YES;
				GCC_WARN_UNINITIALIZED_AUTOS = YES;
				GCC_WARN_UNUSED_VARIABLE = YES;
				IPHONEOS_DEPLOYMENT_TARGET = 5.0;
				ONLY_ACTIVE_ARCH = YES;
				SDKROOT = iphoneos;
			};
			name = Debug;
		};
		1ADEC48917338306005B3384 /* Release */ = {
			isa = XCBuildConfiguration;
			buildSettings = {
				ALWAYS_SEARCH_USER_PATHS = NO;
				CLANG_CXX_LANGUAGE_STANDARD = "gnu++0x";
				CLANG_CXX_LIBRARY = "libc++";
				CLANG_ENABLE_OBJC_ARC = YES;
				CLANG_WARN_CONSTANT_CONVERSION = YES;
				CLANG_WARN_EMPTY_BODY = YES;
				CLANG_WARN_ENUM_CONVERSION = YES;
				CLANG_WARN_INT_CONVERSION = YES;
				CLANG_WARN__DUPLICATE_METHOD_MATCH = YES;
				"CODE_SIGN_IDENTITY[sdk=iphoneos*]" = "iPhone Developer";
				COPY_PHASE_STRIP = YES;
				GCC_C_LANGUAGE_STANDARD = gnu99;
				GCC_WARN_ABOUT_RETURN_TYPE = YES;
				GCC_WARN_UNINITIALIZED_AUTOS = YES;
				GCC_WARN_UNUSED_VARIABLE = YES;
				IPHONEOS_DEPLOYMENT_TARGET = 5.0;
				OTHER_CFLAGS = "-DNS_BLOCK_ASSERTIONS=1";
				SDKROOT = iphoneos;
				VALIDATE_PRODUCT = YES;
			};
			name = Release;
		};
		1ADEC48B17338306005B3384 /* Debug */ = {
			isa = XCBuildConfiguration;
			buildSettings = {
				CODE_SIGN_IDENTITY = "iPhone Developer";
				"CODE_SIGN_IDENTITY[sdk=iphoneos*]" = "iPhone Developer";
				GCC_PRECOMPILE_PREFIX_HEADER = YES;
				GCC_PREFIX_HEADER = "iSplitter/iSplitter-Prefix.pch";
				INFOPLIST_FILE = "iSplitter/iSplitter-Info.plist";
				IPHONEOS_DEPLOYMENT_TARGET = 5.0;
				PRODUCT_NAME = "$(TARGET_NAME)";
				PROVISIONING_PROFILE = "";
				"PROVISIONING_PROFILE[sdk=iphoneos*]" = "";
				WRAPPER_EXTENSION = app;
			};
			name = Debug;
		};
		1ADEC48C17338306005B3384 /* Release */ = {
			isa = XCBuildConfiguration;
			buildSettings = {
				CODE_SIGN_IDENTITY = "iPhone Distribution: Jianqiang Yu (7Q8G3FSF68)";
				"CODE_SIGN_IDENTITY[sdk=iphoneos*]" = "iPhone Distribution: Jianqiang Yu (7Q8G3FSF68)";
				GCC_PRECOMPILE_PREFIX_HEADER = YES;
				GCC_PREFIX_HEADER = "iSplitter/iSplitter-Prefix.pch";
				INFOPLIST_FILE = "iSplitter/iSplitter-Info.plist";
				IPHONEOS_DEPLOYMENT_TARGET = 5.0;
				PRODUCT_NAME = "$(TARGET_NAME)";
				PROVISIONING_PROFILE = "C22C47DB-3C89-48F2-B49F-CD9C0EE9BC1F";
				"PROVISIONING_PROFILE[sdk=iphoneos*]" = "C22C47DB-3C89-48F2-B49F-CD9C0EE9BC1F";
				WRAPPER_EXTENSION = app;
			};
			name = Release;
		};
/* End XCBuildConfiguration section */

/* Begin XCConfigurationList section */
		1ADEC46217338306005B3384 /* Build configuration list for PBXProject "iSplitter" */ = {
			isa = XCConfigurationList;
			buildConfigurations = (
				1ADEC48817338306005B3384 /* Debug */,
				1ADEC48917338306005B3384 /* Release */,
			);
			defaultConfigurationIsVisible = 0;
			defaultConfigurationName = Release;
		};
		1ADEC48A17338306005B3384 /* Build configuration list for PBXNativeTarget "iSplitter" */ = {
			isa = XCConfigurationList;
			buildConfigurations = (
				1ADEC48B17338306005B3384 /* Debug */,
				1ADEC48C17338306005B3384 /* Release */,
			);
			defaultConfigurationIsVisible = 0;
			defaultConfigurationName = Release;
		};
/* End XCConfigurationList section */
	};
	rootObject = 1ADEC45F17338306005B3384 /* Project object */;
}
